
Microsoft Visual Studio Solution File, Format Version 12.00
# Visual Studio Version 16
VisualStudioVersion = 16.0.30517.126
MinimumVisualStudioVersion = 10.0.40219.1
Project("{9A19103F-16F7-4668-BE54-9A1E7A4F7556}") = "site", "site\site.csproj", "{2E78C442-7839-4B02-9526-A0FF531F5280}"
EndProject
Project("{9A19103F-16F7-4668-BE54-9A1E7A4F7556}") = "application", "application\application.csproj", "{1C83EE86-9193-41C8-82CA-FD7806F3ED50}"
EndProject
Project("{9A19103F-16F7-4668-BE54-9A1E7A4F7556}") = "core", "core\core.csproj", "{D29B59B1-3018-4025-AE0E-3886BDAC8E2E}"
EndProject
Project("{2150E333-8FDC-42A3-9474-1A3956D46DE8}") = "Tests", "Tests", "{21FC349D-AC82-472D-B6EF-F33C147E5B06}"
EndProject
Project("{9A19103F-16F7-4668-BE54-9A1E7A4F7556}") = "application.tests", "tests\application.tests\application.tests.csproj", "{8B347E08-2ED1-47D2-AAC8-F56AADC7F7FD}"
EndProject
Project("{9A19103F-16F7-4668-BE54-9A1E7A4F7556}") = "viewmodels", "viewmodels\viewmodels.csproj", "{BB2646CB-9C73-49DA-955D-1E1B25944B0F}"
EndProject
Project("{9A19103F-16F7-4668-BE54-9A1E7A4F7556}") = "administration.viewmodels", "administration.viewmodels\administration.viewmodels.csproj", "{4B01B75F-2FE7-49F7-A0F8-930983941E15}"
EndProject
Project("{2150E333-8FDC-42A3-9474-1A3956D46DE8}") = "Seed", "Seed", "{6AA16427-9135-416A-BFEF-55E9BA92837A}"
	ProjectSection(SolutionItems) = preProject
		seed\availabletechnologies.csv = seed\availabletechnologies.csv
	EndProjectSection
EndProject
Global
	GlobalSection(SolutionConfigurationPlatforms) = preSolution
		Debug|Any CPU = Debug|Any CPU
		Release|Any CPU = Release|Any CPU
	EndGlobalSection
	GlobalSection(ProjectConfigurationPlatforms) = postSolution
		{2E78C442-7839-4B02-9526-A0FF531F5280}.Debug|Any CPU.ActiveCfg = Debug|Any CPU
		{2E78C442-7839-4B02-9526-A0FF531F5280}.Debug|Any CPU.Build.0 = Debug|Any CPU
		{2E78C442-7839-4B02-9526-A0FF531F5280}.Release|Any CPU.ActiveCfg = Release|Any CPU
		{2E78C442-7839-4B02-9526-A0FF531F5280}.Release|Any CPU.Build.0 = Release|Any CPU
		{1C83EE86-9193-41C8-82CA-FD7806F3ED50}.Debug|Any CPU.ActiveCfg = Debug|Any CPU
		{1C83EE86-9193-41C8-82CA-FD7806F3ED50}.Debug|Any CPU.Build.0 = Debug|Any CPU
		{1C83EE86-9193-41C8-82CA-FD7806F3ED50}.Release|Any CPU.ActiveCfg = Release|Any CPU
		{1C83EE86-9193-41C8-82CA-FD7806F3ED50}.Release|Any CPU.Build.0 = Release|Any CPU
		{D29B59B1-3018-4025-AE0E-3886BDAC8E2E}.Debug|Any CPU.ActiveCfg = Debug|Any CPU
		{D29B59B1-3018-4025-AE0E-3886BDAC8E2E}.Debug|Any CPU.Build.0 = Debug|Any CPU
		{D29B59B1-3018-4025-AE0E-3886BDAC8E2E}.Release|Any CPU.ActiveCfg = Release|Any CPU
		{D29B59B1-3018-4025-AE0E-3886BDAC8E2E}.Release|Any CPU.Build.0 = Release|Any CPU
		{8B347E08-2ED1-47D2-AAC8-F56AADC7F7FD}.Debug|Any CPU.ActiveCfg = Debug|Any CPU
		{8B347E08-2ED1-47D2-AAC8-F56AADC7F7FD}.Debug|Any CPU.Build.0 = Debug|Any CPU
		{8B347E08-2ED1-47D2-AAC8-F56AADC7F7FD}.Release|Any CPU.ActiveCfg = Release|Any CPU
		{8B347E08-2ED1-47D2-AAC8-F56AADC7F7FD}.Release|Any CPU.Build.0 = Release|Any CPU
		{BB2646CB-9C73-49DA-955D-1E1B25944B0F}.Debug|Any CPU.ActiveCfg = Debug|Any CPU
		{BB2646CB-9C73-49DA-955D-1E1B25944B0F}.Debug|Any CPU.Build.0 = Debug|Any CPU
		{BB2646CB-9C73-49DA-955D-1E1B25944B0F}.Release|Any CPU.ActiveCfg = Release|Any CPU
		{BB2646CB-9C73-49DA-955D-1E1B25944B0F}.Release|Any CPU.Build.0 = Release|Any CPU
		{4B01B75F-2FE7-49F7-A0F8-930983941E15}.Debug|Any CPU.ActiveCfg = Debug|Any CPU
		{4B01B75F-2FE7-49F7-A0F8-930983941E15}.Debug|Any CPU.Build.0 = Debug|Any CPU
		{4B01B75F-2FE7-49F7-A0F8-930983941E15}.Release|Any CPU.ActiveCfg = Release|Any CPU
		{4B01B75F-2FE7-49F7-A0F8-930983941E15}.Release|Any CPU.Build.0 = Release|Any CPU
	EndGlobalSection
	GlobalSection(SolutionProperties) = preSolution
		HideSolutionNode = FALSE
	EndGlobalSection
	GlobalSection(NestedProjects) = preSolution
		{8B347E08-2ED1-47D2-AAC8-F56AADC7F7FD} = {21FC349D-AC82-472D-B6EF-F33C147E5B06}
	EndGlobalSection
	GlobalSection(ExtensibilityGlobals) = postSolution
		SolutionGuid = {9FAF5B80-18B0-4CB8-A806-B1243642C8D6}
	EndGlobalSection
EndGlobal
